// !$*UTF8*$!
{
	archiveVersion = 1;
	classes = {
	};
	objectVersion = 50;
	objects = {

/* Begin PBXBuildFile section */
		DA254DF82552858300305B77 /* AppDelegate.m in Sources */ = {isa = PBXBuildFile; fileRef = DA254DF72552858300305B77 /* AppDelegate.m */; };
		DA254DFB2552858300305B77 /* SceneDelegate.m in Sources */ = {isa = PBXBuildFile; fileRef = DA254DFA2552858300305B77 /* SceneDelegate.m */; };
		DA254DFE2552858300305B77 /* ViewController.m in Sources */ = {isa = PBXBuildFile; fileRef = DA254DFD2552858300305B77 /* ViewController.m */; };
		DA254E012552858300305B77 /* Main.storyboard in Resources */ = {isa = PBXBuildFile; fileRef = DA254DFF2552858300305B77 /* Main.storyboard */; };
		DA254E032552858600305B77 /* Assets.xcassets in Resources */ = {isa = PBXBuildFile; fileRef = DA254E022552858600305B77 /* Assets.xcassets */; };
		DA254E062552858600305B77 /* LaunchScreen.storyboard in Resources */ = {isa = PBXBuildFile; fileRef = DA254E042552858600305B77 /* LaunchScreen.storyboard */; };
		DA254E092552858600305B77 /* main.m in Sources */ = {isa = PBXBuildFile; fileRef = DA254E082552858600305B77 /* main.m */; };
		DA254E13255285A900305B77 /* BWPatch.m in Sources */ = {isa = PBXBuildFile; fileRef = DA254E12255285A900305B77 /* BWPatch.m */; };
		DA254E1925528B6300305B77 /* JSPatch.js in Resources */ = {isa = PBXBuildFile; fileRef = DA254E1825528B6300305B77 /* JSPatch.js */; };
		DA254E1C25528F7C00305B77 /* demo.js in Resources */ = {isa = PBXBuildFile; fileRef = DA254E1B25528F7C00305B77 /* demo.js */; };
		DA34719F2553FB9E001CB54B /* TestViewController.m in Sources */ = {isa = PBXBuildFile; fileRef = DA34719E2553FB9E001CB54B /* TestViewController.m */; };
		DA51CE182559129800F05D0A /* ExampleRuntime.m in Sources */ = {isa = PBXBuildFile; fileRef = DA51CE172559129800F05D0A /* ExampleRuntime.m */; };
/* End PBXBuildFile section */

/* Begin PBXFileReference section */
		DA254DF32552858300305B77 /* BWHotFix.app */ = {isa = PBXFileReference; explicitFileType = wrapper.application; includeInIndex = 0; path = BWHotFix.app; sourceTree = BUILT_PRODUCTS_DIR; };
		DA254DF62552858300305B77 /* AppDelegate.h */ = {isa = PBXFileReference; lastKnownFileType = sourcecode.c.h; path = AppDelegate.h; sourceTree = "<group>"; };
		DA254DF72552858300305B77 /* AppDelegate.m */ = {isa = PBXFileReference; lastKnownFileType = sourcecode.c.objc; path = AppDelegate.m; sourceTree = "<group>"; };
		DA254DF92552858300305B77 /* SceneDelegate.h */ = {isa = PBXFileReference; lastKnownFileType = sourcecode.c.h; path = SceneDelegate.h; sourceTree = "<group>"; };
		DA254DFA2552858300305B77 /* SceneDelegate.m */ = {isa = PBXFileReference; lastKnownFileType = sourcecode.c.objc; path = SceneDelegate.m; sourceTree = "<group>"; };
		DA254DFC2552858300305B77 /* ViewController.h */ = {isa = PBXFileReference; lastKnownFileType = sourcecode.c.h; path = ViewController.h; sourceTree = "<group>"; };
		DA254DFD2552858300305B77 /* ViewController.m */ = {isa = PBXFileReference; lastKnownFileType = sourcecode.c.objc; path = ViewController.m; sourceTree = "<group>"; };
		DA254E002552858300305B77 /* Base */ = {isa = PBXFileReference; lastKnownFileType = file.storyboard; name = Base; path = Base.lproj/Main.storyboard; sourceTree = "<group>"; };
		DA254E022552858600305B77 /* Assets.xcassets */ = {isa = PBXFileReference; lastKnownFileType = folder.assetcatalog; path = Assets.xcassets; sourceTree = "<group>"; };
		DA254E052552858600305B77 /* Base */ = {isa = PBXFileReference; lastKnownFileType = file.storyboard; name = Base; path = Base.lproj/LaunchScreen.storyboard; sourceTree = "<group>"; };
		DA254E072552858600305B77 /* Info.plist */ = {isa = PBXFileReference; lastKnownFileType = text.plist.xml; path = Info.plist; sourceTree = "<group>"; };
		DA254E082552858600305B77 /* main.m */ = {isa = PBXFileReference; lastKnownFileType = sourcecode.c.objc; path = main.m; sourceTree = "<group>"; };
		DA254E11255285A900305B77 /* BWPatch.h */ = {isa = PBXFileReference; lastKnownFileType = sourcecode.c.h; path = BWPatch.h; sourceTree = "<group>"; };
		DA254E12255285A900305B77 /* BWPatch.m */ = {isa = PBXFileReference; lastKnownFileType = sourcecode.c.objc; path = BWPatch.m; sourceTree = "<group>"; };
		DA254E1825528B6300305B77 /* JSPatch.js */ = {isa = PBXFileReference; fileEncoding = 4; lastKnownFileType = sourcecode.javascript; path = JSPatch.js; sourceTree = "<group>"; };
		DA254E1B25528F7C00305B77 /* demo.js */ = {isa = PBXFileReference; fileEncoding = 4; lastKnownFileType = sourcecode.javascript; path = demo.js; sourceTree = "<group>"; };
		DA34719D2553FB9E001CB54B /* TestViewController.h */ = {isa = PBXFileReference; lastKnownFileType = sourcecode.c.h; path = TestViewController.h; sourceTree = "<group>"; };
		DA34719E2553FB9E001CB54B /* TestViewController.m */ = {isa = PBXFileReference; lastKnownFileType = sourcecode.c.objc; path = TestViewController.m; sourceTree = "<group>"; };
		DA51CE162559129800F05D0A /* ExampleRuntime.h */ = {isa = PBXFileReference; lastKnownFileType = sourcecode.c.h; path = ExampleRuntime.h; sourceTree = "<group>"; };
		DA51CE172559129800F05D0A /* ExampleRuntime.m */ = {isa = PBXFileReference; lastKnownFileType = sourcecode.c.objc; path = ExampleRuntime.m; sourceTree = "<group>"; };
		DA592310255B7F8F00F0EE95 /* BWHotFix.entitlements */ = {isa = PBXFileReference; lastKnownFileType = text.plist.entitlements; path = BWHotFix.entitlements; sourceTree = "<group>"; };
/* End PBXFileReference section */

/* Begin PBXFrameworksBuildPhase section */
		DA254DF02552858300305B77 /* Frameworks */ = {
			isa = PBXFrameworksBuildPhase;
			buildActionMask = 2147483647;
			files = (
			);
			runOnlyForDeploymentPostprocessing = 0;
		};
/* End PBXFrameworksBuildPhase section */

/* Begin PBXGroup section */
		DA254DEA2552858300305B77 = {
			isa = PBXGroup;
			children = (
				DA254DF52552858300305B77 /* BWHotFix */,
				DA254DF42552858300305B77 /* Products */,
			);
			sourceTree = "<group>";
		};
		DA254DF42552858300305B77 /* Products */ = {
			isa = PBXGroup;
			children = (
				DA254DF32552858300305B77 /* BWHotFix.app */,
			);
			name = Products;
			sourceTree = "<group>";
		};
		DA254DF52552858300305B77 /* BWHotFix */ = {
			isa = PBXGroup;
			children = (
				DA592310255B7F8F00F0EE95 /* BWHotFix.entitlements */,
				DA51CE152559125E00F05D0A /* Example */,
				DA34719C2553FB8B001CB54B /* ViewControllers */,
				DA254DF62552858300305B77 /* AppDelegate.h */,
				DA254DF72552858300305B77 /* AppDelegate.m */,
				DA254E022552858600305B77 /* Assets.xcassets */,
				DA254E1B25528F7C00305B77 /* demo.js */,
				DA254E072552858600305B77 /* Info.plist */,
				DA254E042552858600305B77 /* LaunchScreen.storyboard */,
				DA254E102552859000305B77 /* Libs */,
				DA254E082552858600305B77 /* main.m */,
				DA254DFF2552858300305B77 /* Main.storyboard */,
				DA254DF92552858300305B77 /* SceneDelegate.h */,
				DA254DFA2552858300305B77 /* SceneDelegate.m */,
				DA254DFC2552858300305B77 /* ViewController.h */,
				DA254DFD2552858300305B77 /* ViewController.m */,
			);
			path = BWHotFix;
			sourceTree = "<group>";
		};
		DA254E102552859000305B77 /* Libs */ = {
			isa = PBXGroup;
			children = (
				DA254E1825528B6300305B77 /* JSPatch.js */,
				DA254E11255285A900305B77 /* BWPatch.h */,
				DA254E12255285A900305B77 /* BWPatch.m */,
			);
			path = Libs;
			sourceTree = "<group>";
		};
		DA34719C2553FB8B001CB54B /* ViewControllers */ = {
			isa = PBXGroup;
			children = (
				DA34719D2553FB9E001CB54B /* TestViewController.h */,
				DA34719E2553FB9E001CB54B /* TestViewController.m */,
			);
			path = ViewControllers;
			sourceTree = "<group>";
		};
		DA51CE152559125E00F05D0A /* Example */ = {
			isa = PBXGroup;
			children = (
				DA51CE162559129800F05D0A /* ExampleRuntime.h */,
				DA51CE172559129800F05D0A /* ExampleRuntime.m */,
			);
			path = Example;
			sourceTree = "<group>";
		};
/* End PBXGroup section */

/* Begin PBXNativeTarget section */
		DA254DF22552858300305B77 /* BWHotFix */ = {
			isa = PBXNativeTarget;
			buildConfigurationList = DA254E0C2552858600305B77 /* Build configuration list for PBXNativeTarget "BWHotFix" */;
			buildPhases = (
				DA254DEF2552858300305B77 /* Sources */,
				DA254DF02552858300305B77 /* Frameworks */,
				DA254DF12552858300305B77 /* Resources */,
			);
			buildRules = (
			);
			dependencies = (
			);
			name = BWHotFix;
			productName = BWHotFix;
			productReference = DA254DF32552858300305B77 /* BWHotFix.app */;
			productType = "com.apple.product-type.application";
		};
/* End PBXNativeTarget section */

/* Begin PBXProject section */
		DA254DEB2552858300305B77 /* Project object */ = {
			isa = PBXProject;
			attributes = {
				LastUpgradeCheck = 1200;
				TargetAttributes = {
					DA254DF22552858300305B77 = {
						CreatedOnToolsVersion = 12.0;
					};
				};
			};
			buildConfigurationList = DA254DEE2552858300305B77 /* Build configuration list for PBXProject "BWHotFix" */;
			compatibilityVersion = "Xcode 9.3";
			developmentRegion = en;
			hasScannedForEncodings = 0;
			knownRegions = (
				en,
				Base,
			);
			mainGroup = DA254DEA2552858300305B77;
			productRefGroup = DA254DF42552858300305B77 /* Products */;
			projectDirPath = "";
			projectRoot = "";
			targets = (
				DA254DF22552858300305B77 /* BWHotFix */,
			);
		};
/* End PBXProject section */

/* Begin PBXResourcesBuildPhase section */
		DA254DF12552858300305B77 /* Resources */ = {
			isa = PBXResourcesBuildPhase;
			buildActionMask = 2147483647;
			files = (
				DA254E1C25528F7C00305B77 /* demo.js in Resources */,
				DA254E062552858600305B77 /* LaunchScreen.storyboard in Resources */,
				DA254E032552858600305B77 /* Assets.xcassets in Resources */,
				DA254E1925528B6300305B77 /* JSPatch.js in Resources */,
				DA254E012552858300305B77 /* Main.storyboard in Resources */,
			);
			runOnlyForDeploymentPostprocessing = 0;
		};
/* End PBXResourcesBuildPhase section */

/* Begin PBXSourcesBuildPhase section */
		DA254DEF2552858300305B77 /* Sources */ = {
			isa = PBXSourcesBuildPhase;
			buildActionMask = 2147483647;
			files = (
				DA34719F2553FB9E001CB54B /* TestViewController.m in Sources */,
				DA254DFE2552858300305B77 /* ViewController.m in Sources */,
				DA254DF82552858300305B77 /* AppDelegate.m in Sources */,
				DA254E092552858600305B77 /* main.m in Sources */,
				DA51CE182559129800F05D0A /* ExampleRuntime.m in Sources */,
				DA254DFB2552858300305B77 /* SceneDelegate.m in Sources */,
				DA254E13255285A900305B77 /* BWPatch.m in Sources */,
			);
			runOnlyForDeploymentPostprocessing = 0;
		};
/* End PBXSourcesBuildPhase section */

/* Begin PBXVariantGroup section */
		DA254DFF2552858300305B77 /* Main.storyboard */ = {
			isa = PBXVariantGroup;
			children = (
				DA254E002552858300305B77 /* Base */,
			);
			name = Main.storyboard;
			sourceTree = "<group>";
		};
		DA254E042552858600305B77 /* LaunchScreen.storyboard */ = {
			isa = PBXVariantGroup;
			children = (
				DA254E052552858600305B77 /* Base */,
			);
			name = LaunchScreen.storyboard;
			sourceTree = "<group>";
		};
/* End PBXVariantGroup section */

/* Begin XCBuildConfiguration section */
		DA254E0A2552858600305B77 /* Debug */ = {
			isa = XCBuildConfiguration;
			buildSettings = {
				ALWAYS_SEARCH_USER_PATHS = NO;
				CLANG_ANALYZER_NONNULL = YES;
				CLANG_ANALYZER_NUMBER_OBJECT_CONVERSION = YES_AGGRESSIVE;
				CLANG_CXX_LANGUAGE_STANDARD = "gnu++14";
				CLANG_CXX_LIBRARY = "libc++";
				CLANG_ENABLE_MODULES = YES;
				CLANG_ENABLE_OBJC_ARC = YES;
				CLANG_ENABLE_OBJC_WEAK = YES;
				CLANG_WARN_BLOCK_CAPTURE_AUTORELEASING = YES;
				CLANG_WARN_BOOL_CONVERSION = YES;
				CLANG_WARN_COMMA = YES;
				CLANG_WARN_CONSTANT_CONVERSION = YES;
				CLANG_WARN_DEPRECATED_OBJC_IMPLEMENTATIONS = YES;
				CLANG_WARN_DIRECT_OBJC_ISA_USAGE = YES_ERROR;
				CLANG_WARN_DOCUMENTATION_COMMENTS = YES;
				CLANG_WARN_EMPTY_BODY = YES;
				CLANG_WARN_ENUM_CONVERSION = YES;
				CLANG_WARN_INFINITE_RECURSION = YES;
				CLANG_WARN_INT_CONVERSION = YES;
				CLANG_WARN_NON_LITERAL_NULL_CONVERSION = YES;
				CLANG_WARN_OBJC_IMPLICIT_RETAIN_SELF = YES;
				CLANG_WARN_OBJC_LITERAL_CONVERSION = YES;
				CLANG_WARN_OBJC_ROOT_CLASS = YES_ERROR;
				CLANG_WARN_QUOTED_INCLUDE_IN_FRAMEWORK_HEADER = YES;
				CLANG_WARN_RANGE_LOOP_ANALYSIS = YES;
				CLANG_WARN_STRICT_PROTOTYPES = YES;
				CLANG_WARN_SUSPICIOUS_MOVE = YES;
				CLANG_WARN_UNGUARDED_AVAILABILITY = YES_AGGRESSIVE;
				CLANG_WARN_UNREACHABLE_CODE = YES;
				CLANG_WARN__DUPLICATE_METHOD_MATCH = YES;
				COPY_PHASE_STRIP = NO;
				DEBUG_INFORMATION_FORMAT = dwarf;
				ENABLE_STRICT_OBJC_MSGSEND = YES;
				ENABLE_TESTABILITY = YES;
				GCC_C_LANGUAGE_STANDARD = gnu11;
				GCC_DYNAMIC_NO_PIC = NO;
				GCC_NO_COMMON_BLOCKS = YES;
				GCC_OPTIMIZATION_LEVEL = 0;
				GCC_PREPROCESSOR_DEFINITIONS = (
					"DEBUG=1",
					"$(inherited)",
				);
				GCC_WARN_64_TO_32_BIT_CONVERSION = YES;
				GCC_WARN_ABOUT_RETURN_TYPE = YES_ERROR;
				GCC_WARN_UNDECLARED_SELECTOR = YES;
				GCC_WARN_UNINITIALIZED_AUTOS = YES_AGGRESSIVE;
				GCC_WARN_UNUSED_FUNCTION = YES;
				GCC_WARN_UNUSED_VARIABLE = YES;
				IPHONEOS_DEPLOYMENT_TARGET = 14.0;
				MTL_ENABLE_DEBUG_INFO = INCLUDE_SOURCE;
				MTL_FAST_MATH = YES;
				ONLY_ACTIVE_ARCH = YES;
				SDKROOT = iphoneos;
			};
			name = Debug;
		};
		DA254E0B2552858600305B77 /* Release */ = {
			isa = XCBuildConfiguration;
			buildSettings = {
				ALWAYS_SEARCH_USER_PATHS = NO;
				CLANG_ANALYZER_NONNULL = YES;
				CLANG_ANALYZER_NUMBER_OBJECT_CONVERSION = YES_AGGRESSIVE;
				CLANG_CXX_LANGUAGE_STANDARD = "gnu++14";
				CLANG_CXX_LIBRARY = "libc++";
				CLANG_ENABLE_MODULES = YES;
				CLANG_ENABLE_OBJC_ARC = YES;
				CLANG_ENABLE_OBJC_WEAK = YES;
				CLANG_WARN_BLOCK_CAPTURE_AUTORELEASING = YES;
				CLANG_WARN_BOOL_CONVERSION = YES;
				CLANG_WARN_COMMA = YES;
				CLANG_WARN_CONSTANT_CONVERSION = YES;
				CLANG_WARN_DEPRECATED_OBJC_IMPLEMENTATIONS = YES;
				CLANG_WARN_DIRECT_OBJC_ISA_USAGE = YES_ERROR;
				CLANG_WARN_DOCUMENTATION_COMMENTS = YES;
				CLANG_WARN_EMPTY_BODY = YES;
				CLANG_WARN_ENUM_CONVERSION = YES;
				CLANG_WARN_INFINITE_RECURSION = YES;
				CLANG_WARN_INT_CONVERSION = YES;
				CLANG_WARN_NON_LITERAL_NULL_CONVERSION = YES;
				CLANG_WARN_OBJC_IMPLICIT_RETAIN_SELF = YES;
				CLANG_WARN_OBJC_LITERAL_CONVERSION = YES;
				CLANG_WARN_OBJC_ROOT_CLASS = YES_ERROR;
				CLANG_WARN_QUOTED_INCLUDE_IN_FRAMEWORK_HEADER = YES;
				CLANG_WARN_RANGE_LOOP_ANALYSIS = YES;
				CLANG_WARN_STRICT_PROTOTYPES = YES;
				CLANG_WARN_SUSPICIOUS_MOVE = YES;
				CLANG_WARN_UNGUARDED_AVAILABILITY = YES_AGGRESSIVE;
				CLANG_WARN_UNREACHABLE_CODE = YES;
				CLANG_WARN__DUPLICATE_METHOD_MATCH = YES;
				COPY_PHASE_STRIP = NO;
				DEBUG_INFORMATION_FORMAT = "dwarf-with-dsym";
				ENABLE_NS_ASSERTIONS = NO;
				ENABLE_STRICT_OBJC_MSGSEND = YES;
				GCC_C_LANGUAGE_STANDARD = gnu11;
				GCC_NO_COMMON_BLOCKS = YES;
				GCC_WARN_64_TO_32_BIT_CONVERSION = YES;
				GCC_WARN_ABOUT_RETURN_TYPE = YES_ERROR;
				GCC_WARN_UNDECLARED_SELECTOR = YES;
				GCC_WARN_UNINITIALIZED_AUTOS = YES_AGGRESSIVE;
				GCC_WARN_UNUSED_FUNCTION = YES;
				GCC_WARN_UNUSED_VARIABLE = YES;
				IPHONEOS_DEPLOYMENT_TARGET = 14.0;
				MTL_ENABLE_DEBUG_INFO = NO;
				MTL_FAST_MATH = YES;
				SDKROOT = iphoneos;
				VALIDATE_PRODUCT = YES;
			};
			name = Release;
		};
		DA254E0D2552858600305B77 /* Debug */ = {
			isa = XCBuildConfiguration;
			buildSettings = {
				ASSETCATALOG_COMPILER_APPICON_NAME = AppIcon;
				ASSETCATALOG_COMPILER_GLOBAL_ACCENT_COLOR_NAME = AccentColor;
				CODE_SIGN_ENTITLEMENTS = BWHotFix/BWHotFix.entitlements;
				"CODE_SIGN_IDENTITY[sdk=macosx*]" = "Apple Development";
				CODE_SIGN_STYLE = Automatic;
				DEVELOPMENT_TEAM = 6747MGQ837;
				INFOPLIST_FILE = BWHotFix/Info.plist;
				LD_RUNPATH_SEARCH_PATHS = (
					"$(inherited)",
					"@executable_path/Frameworks",
				);
				PRODUCT_BUNDLE_IDENTIFIER = com.bw.cn.BWHotFix;
				PRODUCT_NAME = "$(TARGET_NAME)";
				SUPPORTS_MACCATALYST = YES;
				TARGETED_DEVICE_FAMILY = "1,2";
			};
			name = Debug;
		};
		DA254E0E2552858600305B77 /* Release */ = {
			isa = XCBuildConfiguration;
			buildSettings = {
				ASSETCATALOG_COMPILER_APPICON_NAME = AppIcon;
				ASSETCATALOG_COMPILER_GLOBAL_ACCENT_COLOR_NAME = AccentColor;
				CODE_SIGN_ENTITLEMENTS = BWHotFix/BWHotFix.entitlements;
				"CODE_SIGN_IDENTITY[sdk=macosx*]" = "Apple Development";
				CODE_SIGN_STYLE = Automatic;
				DEVELOPMENT_TEAM = 6747MGQ837;
				INFOPLIST_FILE = BWHotFix/Info.plist;
				LD_RUNPATH_SEARCH_PATHS = (
					"$(inherited)",
					"@executable_path/Frameworks",
				);
				PRODUCT_BUNDLE_IDENTIFIER = com.bw.cn.BWHotFix;
				PRODUCT_NAME = "$(TARGET_NAME)";
				SUPPORTS_MACCATALYST = YES;
				TARGETED_DEVICE_FAMILY = "1,2";
			};
			name = Release;
		};
/* End XCBuildConfiguration section */

/* Begin XCConfigurationList section */
		DA254DEE2552858300305B77 /* Build configuration list for PBXProject "BWHotFix" */ = {
			isa = XCConfigurationList;
			buildConfigurations = (
				DA254E0A2552858600305B77 /* Debug */,
				DA254E0B2552858600305B77 /* Release */,
			);
			defaultConfigurationIsVisible = 0;
			defaultConfigurationName = Release;
		};
		DA254E0C2552858600305B77 /* Build configuration list for PBXNativeTarget "BWHotFix" */ = {
			isa = XCConfigurationList;
			buildConfigurations = (
				DA254E0D2552858600305B77 /* Debug */,
				DA254E0E2552858600305B77 /* Release */,
			);
			defaultConfigurationIsVisible = 0;
			defaultConfigurationName = Release;
		};
/* End XCConfigurationList section */
	};
	rootObject = DA254DEB2552858300305B77 /* Project object */;
}
